
Microsoft Visual Studio Solution File, Format Version 12.00
# Visual Studio Version 17
VisualStudioVersion = 17.7.34003.232
MinimumVisualStudioVersion = 10.0.40219.1
Project("{FAE04EC0-301F-11D3-BF4B-00C04F79EFBC}") = "AppointmentAPI", "AppointmentAPI\AppointmentAPI.csproj", "{0F36B273-9D55-4824-9C73-7783743D7F84}"
EndProject
Global
	GlobalSection(SolutionConfigurationPlatforms) = preSolution
		Debug|Any CPU = Debug|Any CPU
		Release|Any CPU = Release|Any CPU
	EndGlobalSection
	GlobalSection(ProjectConfigurationPlatforms) = postSolution
		{0F36B273-9D55-4824-9C73-7783743D7F84}.Debug|Any CPU.ActiveCfg = Debug|Any CPU
		{0F36B273-9D55-4824-9C73-7783743D7F84}.Debug|Any CPU.Build.0 = Debug|Any CPU
		{0F36B273-9D55-4824-9C73-7783743D7F84}.Release|Any CPU.ActiveCfg = Release|Any CPU
		{0F36B273-9D55-4824-9C73-7783743D7F84}.Release|Any CPU.Build.0 = Release|Any CPU
	EndGlobalSection
	GlobalSection(SolutionProperties) = preSolution
		HideSolutionNode = FALSE
	EndGlobalSection
	GlobalSection(ExtensibilityGlobals) = postSolution
		SolutionGuid = {689C7843-6F88-450A-9571-05E6E4860D19}
	EndGlobalSection
EndGlobal
